
Microsoft Visual Studio Solution File, Format Version 12.00
# Visual Studio Version 17
VisualStudioVersion = 17.12.35707.178
MinimumVisualStudioVersion = 10.0.40219.1
Project("{FAE04EC0-301F-11D3-BF4B-00C04F79EFBC}") = "ApiProjectCamp.WebApi", "ApiProjectCamp\ApiProjectCamp.WebApi.csproj", "{4399309A-4429-49AB-B559-2491D2C7BCB1}"
EndProject
Project("{FAE04EC0-301F-11D3-BF4B-00C04F79EFBC}") = "ApiProjectCamp.WebUI", "ApiProjectCamp.WebUI\ApiProjectCamp.WebUI.csproj", "{BD547F5C-5AFB-4BA2-87D9-F30F05EA1841}"
EndProject
Project("{FAE04EC0-301F-11D3-BF4B-00C04F79EFBC}") = "ApiProjectCamp.Shared", "ApiProjectCamp.Shared\ApiProjectCamp.Shared.csproj", "{B9C97161-E627-49CE-9BC6-8BEA01C2568B}"
EndProject
Global
	GlobalSection(SolutionConfigurationPlatforms) = preSolution
		Debug|Any CPU = Debug|Any CPU
		Release|Any CPU = Release|Any CPU
	EndGlobalSection
	GlobalSection(ProjectConfigurationPlatforms) = postSolution
		{4399309A-4429-49AB-B559-2491D2C7BCB1}.Debug|Any CPU.ActiveCfg = Debug|Any CPU
		{4399309A-4429-49AB-B559-2491D2C7BCB1}.Debug|Any CPU.Build.0 = Debug|Any CPU
		{4399309A-4429-49AB-B559-2491D2C7BCB1}.Release|Any CPU.ActiveCfg = Release|Any CPU
		{4399309A-4429-49AB-B559-2491D2C7BCB1}.Release|Any CPU.Build.0 = Release|Any CPU
		{BD547F5C-5AFB-4BA2-87D9-F30F05EA1841}.Debug|Any CPU.ActiveCfg = Debug|Any CPU
		{BD547F5C-5AFB-4BA2-87D9-F30F05EA1841}.Debug|Any CPU.Build.0 = Debug|Any CPU
		{BD547F5C-5AFB-4BA2-87D9-F30F05EA1841}.Release|Any CPU.ActiveCfg = Release|Any CPU
		{BD547F5C-5AFB-4BA2-87D9-F30F05EA1841}.Release|Any CPU.Build.0 = Release|Any CPU
		{B9C97161-E627-49CE-9BC6-8BEA01C2568B}.Debug|Any CPU.ActiveCfg = Debug|Any CPU
		{B9C97161-E627-49CE-9BC6-8BEA01C2568B}.Debug|Any CPU.Build.0 = Debug|Any CPU
		{B9C97161-E627-49CE-9BC6-8BEA01C2568B}.Release|Any CPU.ActiveCfg = Release|Any CPU
		{B9C97161-E627-49CE-9BC6-8BEA01C2568B}.Release|Any CPU.Build.0 = Release|Any CPU
	EndGlobalSection
	GlobalSection(SolutionProperties) = preSolution
		HideSolutionNode = FALSE
	EndGlobalSection
	GlobalSection(ExtensibilityGlobals) = postSolution
		SolutionGuid = {571DD198-E53B-460B-B845-2CC854563BDA}
	EndGlobalSection
EndGlobal
